{
  "name": "three.js",
  "version": "1.0.0",
  "lockfileVersion": 2,
  "requires": true,
  "packages": {
    "": {
      "name": "three.js",
      "version": "1.0.0",
      "dependencies": {
        "three": "^0.166.0"
      }
    },
    "node_modules/three": {
      "version": "0.166.0",
      "resolved": "https://registry.npmjs.org/three/-/three-0.166.0.tgz",
      "integrity": "sha512-3Gw7oyZ/vCmz3RmNx1xuyNu7Ou/igDtoh953QsJh/QkAoi6B7jpkKwk05N8Y7/9bZeIE44zdC+i2KZNF+KWQ8A=="
    }
  },
  "dependencies": {
    "three": {
      "version": "0.166.0",
      "resolved": "https://registry.npmjs.org/three/-/three-0.166.0.tgz",
      "integrity": "sha512-3Gw7oyZ/vCmz3RmNx1xuyNu7Ou/igDtoh953QsJh/QkAoi6B7jpkKwk05N8Y7/9bZeIE44zdC+i2KZNF+KWQ8A=="
    }
  }
}
